
Microsoft Visual Studio Solution File, Format Version 12.00
# Visual Studio Version 16
VisualStudioVersion = 16.0.29009.5
MinimumVisualStudioVersion = 10.0.40219.1
Project("{FAE04EC0-301F-11D3-BF4B-00C04F79EFBC}") = "SuperMarketAssessment", "SuperMarketAssessment\SuperMarketAssessment.csproj", "{1F4CA6A1-DF67-4997-B4EB-2C1B8ADDE3F0}"
EndProject
Project("{FAE04EC0-301F-11D3-BF4B-00C04F79EFBC}") = "UnitTestProject", "UnitTestProject\UnitTestProject.csproj", "{6EBF615D-D4B4-446D-B647-180286E0235E}"
EndProject
Global
	GlobalSection(SolutionConfigurationPlatforms) = preSolution
		Debug|Any CPU = Debug|Any CPU
		Release|Any CPU = Release|Any CPU
	EndGlobalSection
	GlobalSection(ProjectConfigurationPlatforms) = postSolution
		{1F4CA6A1-DF67-4997-B4EB-2C1B8ADDE3F0}.Debug|Any CPU.ActiveCfg = Debug|Any CPU
		{1F4CA6A1-DF67-4997-B4EB-2C1B8ADDE3F0}.Debug|Any CPU.Build.0 = Debug|Any CPU
		{1F4CA6A1-DF67-4997-B4EB-2C1B8ADDE3F0}.Release|Any CPU.ActiveCfg = Release|Any CPU
		{1F4CA6A1-DF67-4997-B4EB-2C1B8ADDE3F0}.Release|Any CPU.Build.0 = Release|Any CPU
		{6EBF615D-D4B4-446D-B647-180286E0235E}.Debug|Any CPU.ActiveCfg = Debug|Any CPU
		{6EBF615D-D4B4-446D-B647-180286E0235E}.Debug|Any CPU.Build.0 = Debug|Any CPU
		{6EBF615D-D4B4-446D-B647-180286E0235E}.Release|Any CPU.ActiveCfg = Release|Any CPU
		{6EBF615D-D4B4-446D-B647-180286E0235E}.Release|Any CPU.Build.0 = Release|Any CPU
	EndGlobalSection
	GlobalSection(SolutionProperties) = preSolution
		HideSolutionNode = FALSE
	EndGlobalSection
	GlobalSection(ExtensibilityGlobals) = postSolution
		SolutionGuid = {3207CAB2-C348-45EC-9043-4D85A9B4F68F}
	EndGlobalSection
EndGlobal
